
Microsoft Visual Studio Solution File, Format Version 12.00
# Visual Studio 15
VisualStudioVersion = 15.0.27130.2024
MinimumVisualStudioVersion = 10.0.40219.1
Project("{8BC9CEB8-8B4A-11D0-8D11-00A0C91BC942}") = "PlutoScriptLoader", "PlutoScriptLoader\PlutoScriptLoader.vcxproj", "{D3993983-64D4-4685-A3B5-87C66A36ABB3}"
EndProject
Project("{8BC9CEB8-8B4A-11D0-8D11-00A0C91BC942}") = "PlutoScript", "PlutoScript\PlutoScript.vcxproj", "{BAF1D8F4-1B0C-4ABB-BBC5-648177D29691}"
EndProject
Project("{8BC9CEB8-8B4A-11D0-8D11-00A0C91BC942}") = "PlutoScriptTester", "PlutoScriptTester\PlutoScriptTester.vcxproj", "{10D9DEB3-56D0-41B2-B3BB-4E5C73739505}"
EndProject
Global
	GlobalSection(SolutionConfigurationPlatforms) = preSolution
		Debug|x64 = Debug|x64
		Debug|x86 = Debug|x86
		Release|x64 = Release|x64
		Release|x86 = Release|x86
	EndGlobalSection
	GlobalSection(ProjectConfigurationPlatforms) = postSolution
		{D3993983-64D4-4685-A3B5-87C66A36ABB3}.Debug|x64.ActiveCfg = Debug|x64
		{D3993983-64D4-4685-A3B5-87C66A36ABB3}.Debug|x64.Build.0 = Debug|x64
		{D3993983-64D4-4685-A3B5-87C66A36ABB3}.Debug|x86.ActiveCfg = Debug|Win32
		{D3993983-64D4-4685-A3B5-87C66A36ABB3}.Debug|x86.Build.0 = Debug|Win32
		{D3993983-64D4-4685-A3B5-87C66A36ABB3}.Release|x64.ActiveCfg = Release|x64
		{D3993983-64D4-4685-A3B5-87C66A36ABB3}.Release|x64.Build.0 = Release|x64
		{D3993983-64D4-4685-A3B5-87C66A36ABB3}.Release|x86.ActiveCfg = Release|Win32
		{D3993983-64D4-4685-A3B5-87C66A36ABB3}.Release|x86.Build.0 = Release|Win32
		{BAF1D8F4-1B0C-4ABB-BBC5-648177D29691}.Debug|x64.ActiveCfg = Debug|x64
		{BAF1D8F4-1B0C-4ABB-BBC5-648177D29691}.Debug|x64.Build.0 = Debug|x64
		{BAF1D8F4-1B0C-4ABB-BBC5-648177D29691}.Debug|x86.ActiveCfg = Debug|Win32
		{BAF1D8F4-1B0C-4ABB-BBC5-648177D29691}.Debug|x86.Build.0 = Debug|Win32
		{BAF1D8F4-1B0C-4ABB-BBC5-648177D29691}.Release|x64.ActiveCfg = Release|x64
		{BAF1D8F4-1B0C-4ABB-BBC5-648177D29691}.Release|x64.Build.0 = Release|x64
		{BAF1D8F4-1B0C-4ABB-BBC5-648177D29691}.Release|x86.ActiveCfg = Release|Win32
		{BAF1D8F4-1B0C-4ABB-BBC5-648177D29691}.Release|x86.Build.0 = Release|Win32
		{10D9DEB3-56D0-41B2-B3BB-4E5C73739505}.Debug|x64.ActiveCfg = Debug|x64
		{10D9DEB3-56D0-41B2-B3BB-4E5C73739505}.Debug|x64.Build.0 = Debug|x64
		{10D9DEB3-56D0-41B2-B3BB-4E5C73739505}.Debug|x86.ActiveCfg = Debug|Win32
		{10D9DEB3-56D0-41B2-B3BB-4E5C73739505}.Debug|x86.Build.0 = Debug|Win32
		{10D9DEB3-56D0-41B2-B3BB-4E5C73739505}.Release|x64.ActiveCfg = Release|x64
		{10D9DEB3-56D0-41B2-B3BB-4E5C73739505}.Release|x64.Build.0 = Release|x64
		{10D9DEB3-56D0-41B2-B3BB-4E5C73739505}.Release|x86.ActiveCfg = Release|Win32
		{10D9DEB3-56D0-41B2-B3BB-4E5C73739505}.Release|x86.Build.0 = Release|Win32
	EndGlobalSection
	GlobalSection(SolutionProperties) = preSolution
		HideSolutionNode = FALSE
	EndGlobalSection
	GlobalSection(ExtensibilityGlobals) = postSolution
		SolutionGuid = {3D6EFB8D-0436-4430-90DB-65C7950A2B3E}
	EndGlobalSection
EndGlobal
